
Microsoft Visual Studio Solution File, Format Version 12.00
# Visual Studio Version 16
VisualStudioVersion = 16.0.29613.14
MinimumVisualStudioVersion = 10.0.40219.1
Project("{FAE04EC0-301F-11D3-BF4B-00C04F79EFBC}") = "AuthService", "AuthService.csproj", "{BDABF48F-91AC-40A4-A750-89B51DAC4127}"
EndProject
Global
	GlobalSection(SolutionConfigurationPlatforms) = preSolution
		Debug|Any CPU = Debug|Any CPU
		Release|Any CPU = Release|Any CPU
	EndGlobalSection
	GlobalSection(ProjectConfigurationPlatforms) = postSolution
		{BDABF48F-91AC-40A4-A750-89B51DAC4127}.Debug|Any CPU.ActiveCfg = Debug|Any CPU
		{BDABF48F-91AC-40A4-A750-89B51DAC4127}.Debug|Any CPU.Build.0 = Debug|Any CPU
		{BDABF48F-91AC-40A4-A750-89B51DAC4127}.Release|Any CPU.ActiveCfg = Release|Any CPU
		{BDABF48F-91AC-40A4-A750-89B51DAC4127}.Release|Any CPU.Build.0 = Release|Any CPU
	EndGlobalSection
	GlobalSection(SolutionProperties) = preSolution
		HideSolutionNode = FALSE
	EndGlobalSection
	GlobalSection(ExtensibilityGlobals) = postSolution
		SolutionGuid = {DB594B35-25DD-4D7E-8C9E-C057A8E289EC}
	EndGlobalSection
EndGlobal
